
Microsoft Visual Studio Solution File, Format Version 12.00
# Visual Studio Version 16
VisualStudioVersion = 16.0.29324.140
MinimumVisualStudioVersion = 10.0.40219.1
Project("{FAE04EC0-301F-11D3-BF4B-00C04F79EFBC}") = "adventofcode", "adventofcode\adventofcode.csproj", "{EE806202-5009-4BB6-AC57-9904F755F61C}"
EndProject
Project("{FAE04EC0-301F-11D3-BF4B-00C04F79EFBC}") = "tests", "tests\tests.csproj", "{73160D32-18C7-420E-8C89-2DDAF7BFD077}"
EndProject
Global
	GlobalSection(SolutionConfigurationPlatforms) = preSolution
		Debug|Any CPU = Debug|Any CPU
		Release|Any CPU = Release|Any CPU
	EndGlobalSection
	GlobalSection(ProjectConfigurationPlatforms) = postSolution
		{EE806202-5009-4BB6-AC57-9904F755F61C}.Debug|Any CPU.ActiveCfg = Debug|Any CPU
		{EE806202-5009-4BB6-AC57-9904F755F61C}.Debug|Any CPU.Build.0 = Debug|Any CPU
		{EE806202-5009-4BB6-AC57-9904F755F61C}.Release|Any CPU.ActiveCfg = Release|Any CPU
		{EE806202-5009-4BB6-AC57-9904F755F61C}.Release|Any CPU.Build.0 = Release|Any CPU
		{73160D32-18C7-420E-8C89-2DDAF7BFD077}.Debug|Any CPU.ActiveCfg = Debug|Any CPU
		{73160D32-18C7-420E-8C89-2DDAF7BFD077}.Debug|Any CPU.Build.0 = Debug|Any CPU
		{73160D32-18C7-420E-8C89-2DDAF7BFD077}.Release|Any CPU.ActiveCfg = Release|Any CPU
		{73160D32-18C7-420E-8C89-2DDAF7BFD077}.Release|Any CPU.Build.0 = Release|Any CPU
	EndGlobalSection
	GlobalSection(SolutionProperties) = preSolution
		HideSolutionNode = FALSE
	EndGlobalSection
	GlobalSection(ExtensibilityGlobals) = postSolution
		SolutionGuid = {3C8B1079-B44B-4684-ACB1-24AB83DBF020}
	EndGlobalSection
EndGlobal
